
Microsoft Visual Studio Solution File, Format Version 12.00
# Visual Studio Version 17
VisualStudioVersion = 17.7.34024.191
MinimumVisualStudioVersion = 10.0.40219.1
Project("{FAE04EC0-301F-11D3-BF4B-00C04F79EFBC}") = "n01612422Assignment2", "n01612422Assignment2\n01612422Assignment2.csproj", "{30611704-8B17-4F56-95EE-1E818303856D}"
EndProject
Global
	GlobalSection(SolutionConfigurationPlatforms) = preSolution
		Debug|Any CPU = Debug|Any CPU
		Release|Any CPU = Release|Any CPU
	EndGlobalSection
	GlobalSection(ProjectConfigurationPlatforms) = postSolution
		{30611704-8B17-4F56-95EE-1E818303856D}.Debug|Any CPU.ActiveCfg = Debug|Any CPU
		{30611704-8B17-4F56-95EE-1E818303856D}.Debug|Any CPU.Build.0 = Debug|Any CPU
		{30611704-8B17-4F56-95EE-1E818303856D}.Release|Any CPU.ActiveCfg = Release|Any CPU
		{30611704-8B17-4F56-95EE-1E818303856D}.Release|Any CPU.Build.0 = Release|Any CPU
	EndGlobalSection
	GlobalSection(SolutionProperties) = preSolution
		HideSolutionNode = FALSE
	EndGlobalSection
	GlobalSection(ExtensibilityGlobals) = postSolution
		SolutionGuid = {CE1F9F74-BF5E-4E93-9456-97B74A74DA92}
	EndGlobalSection
EndGlobal
